
Microsoft Visual Studio Solution File, Format Version 12.00
# Visual Studio 2013
VisualStudioVersion = 12.0.31101.0
MinimumVisualStudioVersion = 10.0.40219.1
Project("{FAE04EC0-301F-11D3-BF4B-00C04F79EFBC}") = "MyProject1", "MyProject1\MyProject1.csproj", "{8A60816C-A010-449E-8FF1-407ACF77C37A}"
EndProject
Global
	GlobalSection(SolutionConfigurationPlatforms) = preSolution
		Debug64|Any CPU = Debug64|Any CPU
		Release|Any CPU = Release|Any CPU
	EndGlobalSection
	GlobalSection(ProjectConfigurationPlatforms) = postSolution
		{8A60816C-A010-449E-8FF1-407ACF77C37A}.Debug64|Any CPU.ActiveCfg = Debug64|Any CPU
		{8A60816C-A010-449E-8FF1-407ACF77C37A}.Debug64|Any CPU.Build.0 = Debug64|Any CPU
		{8A60816C-A010-449E-8FF1-407ACF77C37A}.Release|Any CPU.ActiveCfg = Release|Any CPU
		{8A60816C-A010-449E-8FF1-407ACF77C37A}.Release|Any CPU.Build.0 = Release|Any CPU
	EndGlobalSection
	GlobalSection(SolutionProperties) = preSolution
		HideSolutionNode = FALSE
	EndGlobalSection
EndGlobal
